
Microsoft Visual Studio Solution File, Format Version 12.00
# Visual Studio Version 17
VisualStudioVersion = 17.14.37111.16
MinimumVisualStudioVersion = 10.0.40219.1
Project("{FAE04EC0-301F-11D3-BF4B-00C04F79EFBC}") = "API", "API\API.csproj", "{18457935-600B-45A7-A8C7-8F0F3358E85A}"
EndProject
Project("{FAE04EC0-301F-11D3-BF4B-00C04F79EFBC}") = "Application", "Application\Application.csproj", "{A8BCD755-6F98-4FDD-BDC6-93905141D067}"
EndProject
Project("{FAE04EC0-301F-11D3-BF4B-00C04F79EFBC}") = "Domain", "Domain\Domain.csproj", "{27BB9590-F156-4390-8E9C-FB56A828E432}"
EndProject
Project("{FAE04EC0-301F-11D3-BF4B-00C04F79EFBC}") = "Infrastructure", "Infrastructure\Infrastructure.csproj", "{A4FA8ADD-5259-426B-BDE0-57BAED2CCBAD}"
EndProject
Project("{FAE04EC0-301F-11D3-BF4B-00C04F79EFBC}") = "Application.Tests", "Application.Tests\Application.Tests.csproj", "{F064FDC7-3368-4780-8427-0CD35A348D4F}"
EndProject
Global
	GlobalSection(SolutionConfigurationPlatforms) = preSolution
		Debug|Any CPU = Debug|Any CPU
		Release|Any CPU = Release|Any CPU
	EndGlobalSection
	GlobalSection(ProjectConfigurationPlatforms) = postSolution
		{18457935-600B-45A7-A8C7-8F0F3358E85A}.Debug|Any CPU.ActiveCfg = Debug|Any CPU
		{18457935-600B-45A7-A8C7-8F0F3358E85A}.Debug|Any CPU.Build.0 = Debug|Any CPU
		{18457935-600B-45A7-A8C7-8F0F3358E85A}.Release|Any CPU.ActiveCfg = Release|Any CPU
		{18457935-600B-45A7-A8C7-8F0F3358E85A}.Release|Any CPU.Build.0 = Release|Any CPU
		{A8BCD755-6F98-4FDD-BDC6-93905141D067}.Debug|Any CPU.ActiveCfg = Debug|Any CPU
		{A8BCD755-6F98-4FDD-BDC6-93905141D067}.Debug|Any CPU.Build.0 = Debug|Any CPU
		{A8BCD755-6F98-4FDD-BDC6-93905141D067}.Release|Any CPU.ActiveCfg = Release|Any CPU
		{A8BCD755-6F98-4FDD-BDC6-93905141D067}.Release|Any CPU.Build.0 = Release|Any CPU
		{27BB9590-F156-4390-8E9C-FB56A828E432}.Debug|Any CPU.ActiveCfg = Debug|Any CPU
		{27BB9590-F156-4390-8E9C-FB56A828E432}.Debug|Any CPU.Build.0 = Debug|Any CPU
		{27BB9590-F156-4390-8E9C-FB56A828E432}.Release|Any CPU.ActiveCfg = Release|Any CPU
		{27BB9590-F156-4390-8E9C-FB56A828E432}.Release|Any CPU.Build.0 = Release|Any CPU
		{A4FA8ADD-5259-426B-BDE0-57BAED2CCBAD}.Debug|Any CPU.ActiveCfg = Debug|Any CPU
		{A4FA8ADD-5259-426B-BDE0-57BAED2CCBAD}.Debug|Any CPU.Build.0 = Debug|Any CPU
		{A4FA8ADD-5259-426B-BDE0-57BAED2CCBAD}.Release|Any CPU.ActiveCfg = Release|Any CPU
		{A4FA8ADD-5259-426B-BDE0-57BAED2CCBAD}.Release|Any CPU.Build.0 = Release|Any CPU
		{F064FDC7-3368-4780-8427-0CD35A348D4F}.Debug|Any CPU.ActiveCfg = Debug|Any CPU
		{F064FDC7-3368-4780-8427-0CD35A348D4F}.Debug|Any CPU.Build.0 = Debug|Any CPU
		{F064FDC7-3368-4780-8427-0CD35A348D4F}.Release|Any CPU.ActiveCfg = Release|Any CPU
		{F064FDC7-3368-4780-8427-0CD35A348D4F}.Release|Any CPU.Build.0 = Release|Any CPU
	EndGlobalSection
	GlobalSection(SolutionProperties) = preSolution
		HideSolutionNode = FALSE
	EndGlobalSection
	GlobalSection(ExtensibilityGlobals) = postSolution
		SolutionGuid = {175FB89A-AC00-40AB-9E97-93C4E658757F}
	EndGlobalSection
EndGlobal
